
Microsoft Visual Studio Solution File, Format Version 12.00
# Visual Studio Version 17
VisualStudioVersion = 17.0.31903.59
MinimumVisualStudioVersion = 10.0.40219.1
Project("{FAE04EC0-301F-11D3-BF4B-00C04F79EFBC}") = "LQueueLib", "LQueueLib\LQueueLib.csproj", "{E323E56D-D4F1-41CA-AFC5-AFD9EBD315A4}"
EndProject
Project("{FAE04EC0-301F-11D3-BF4B-00C04F79EFBC}") = "LQueueTests", "LQueueTests\LQueueTests.csproj", "{B0A41AA9-77F1-4C61-AD90-4E1559E58816}"
EndProject
Project("{FAE04EC0-301F-11D3-BF4B-00C04F79EFBC}") = "AQueueLib", "AQueueLib\AQueueLib.csproj", "{C123E56D-D4F1-41CA-AFC5-AFD9EBD315A5}"
EndProject
Project("{FAE04EC0-301F-11D3-BF4B-00C04F79EFBC}") = "AQueueTests", "AQueueTests\AQueueTests.csproj", "{D0A41AA9-77F1-4C61-AD90-4E1559E58817}"
EndProject
Project("{FAE04EC0-301F-11D3-BF4B-00C04F79EFBC}") = "LLQueueLib", "LLQueueLib\LLQueueLib.csproj", "{F123E56D-D4F1-41CA-AFC5-AFD9EBD315A6}"
EndProject
Project("{FAE04EC0-301F-11D3-BF4B-00C04F79EFBC}") = "LLQueueTests", "LLQueueTests\LLQueueTests.csproj", "{E0A41AA9-77F1-4C61-AD90-4E1559E58818}"
EndProject
Global
	GlobalSection(SolutionConfigurationPlatforms) = preSolution
		Debug|Any CPU = Debug|Any CPU
		Release|Any CPU = Release|Any CPU
	EndGlobalSection
	GlobalSection(SolutionProperties) = preSolution
		HideSolutionNode = FALSE
	EndGlobalSection
	GlobalSection(ProjectConfigurationPlatforms) = postSolution
		{E323E56D-D4F1-41CA-AFC5-AFD9EBD315A4}.Debug|Any CPU.ActiveCfg = Debug|Any CPU
		{E323E56D-D4F1-41CA-AFC5-AFD9EBD315A4}.Debug|Any CPU.Build.0 = Debug|Any CPU
		{E323E56D-D4F1-41CA-AFC5-AFD9EBD315A4}.Release|Any CPU.ActiveCfg = Release|Any CPU
		{E323E56D-D4F1-41CA-AFC5-AFD9EBD315A4}.Release|Any CPU.Build.0 = Release|Any CPU
		{B0A41AA9-77F1-4C61-AD90-4E1559E58816}.Debug|Any CPU.ActiveCfg = Debug|Any CPU
		{B0A41AA9-77F1-4C61-AD90-4E1559E58816}.Debug|Any CPU.Build.0 = Debug|Any CPU
		{B0A41AA9-77F1-4C61-AD90-4E1559E58816}.Release|Any CPU.ActiveCfg = Release|Any CPU
		{B0A41AA9-77F1-4C61-AD90-4E1559E58816}.Release|Any CPU.Build.0 = Release|Any CPU
		{C123E56D-D4F1-41CA-AFC5-AFD9EBD315A5}.Debug|Any CPU.ActiveCfg = Debug|Any CPU
		{C123E56D-D4F1-41CA-AFC5-AFD9EBD315A5}.Debug|Any CPU.Build.0 = Debug|Any CPU
		{C123E56D-D4F1-41CA-AFC5-AFD9EBD315A5}.Release|Any CPU.ActiveCfg = Release|Any CPU
		{C123E56D-D4F1-41CA-AFC5-AFD9EBD315A5}.Release|Any CPU.Build.0 = Release|Any CPU
		{D0A41AA9-77F1-4C61-AD90-4E1559E58817}.Debug|Any CPU.ActiveCfg = Debug|Any CPU
		{D0A41AA9-77F1-4C61-AD90-4E1559E58817}.Debug|Any CPU.Build.0 = Debug|Any CPU
		{D0A41AA9-77F1-4C61-AD90-4E1559E58817}.Release|Any CPU.ActiveCfg = Release|Any CPU
		{D0A41AA9-77F1-4C61-AD90-4E1559E58817}.Release|Any CPU.Build.0 = Release|Any CPU
		{F123E56D-D4F1-41CA-AFC5-AFD9EBD315A6}.Debug|Any CPU.ActiveCfg = Debug|Any CPU
		{F123E56D-D4F1-41CA-AFC5-AFD9EBD315A6}.Debug|Any CPU.Build.0 = Debug|Any CPU
		{F123E56D-D4F1-41CA-AFC5-AFD9EBD315A6}.Release|Any CPU.ActiveCfg = Release|Any CPU
		{F123E56D-D4F1-41CA-AFC5-AFD9EBD315A6}.Release|Any CPU.Build.0 = Release|Any CPU
		{E0A41AA9-77F1-4C61-AD90-4E1559E58818}.Debug|Any CPU.ActiveCfg = Debug|Any CPU
		{E0A41AA9-77F1-4C61-AD90-4E1559E58818}.Debug|Any CPU.Build.0 = Debug|Any CPU
		{E0A41AA9-77F1-4C61-AD90-4E1559E58818}.Release|Any CPU.ActiveCfg = Release|Any CPU
		{E0A41AA9-77F1-4C61-AD90-4E1559E58818}.Release|Any CPU.Build.0 = Release|Any CPU
	EndGlobalSection
EndGlobal
